{
  "lockfileVersion": 1,
  "configVersion": 1,
  "workspaces": {
    "": {
      "name": "vend",
      "dependencies": {
        "@boundaryml/baml": "^0.223.0",
        "envinfo": "^7.21.0",
      },
      "devDependencies": {
        "@types/bun": "latest",
        "typescript": "^5.7.0",
      },
    },
  },
  "packages": {
    "@boundaryml/baml": ["@boundaryml/baml@0.223.0", "", { "dependencies": { "@scarf/scarf": "^1.3.0" }, "optionalDependencies": { "@boundaryml/baml-darwin-arm64": "0.223.0", "@boundaryml/baml-darwin-x64": "0.223.0", "@boundaryml/baml-linux-arm64-gnu": "0.223.0", "@boundaryml/baml-linux-arm64-musl": "0.223.0", "@boundaryml/baml-linux-x64-gnu": "0.223.0", "@boundaryml/baml-linux-x64-musl": "0.223.0", "@boundaryml/baml-win32-arm64-msvc": "0.223.0", "@boundaryml/baml-win32-x64-msvc": "0.223.0" }, "bin": { "baml-cli": "cli.js", "baml": "cli.js" } }, "sha512-Baam12PvrfRJx3NQGPYqFqu6L7VkhogMLy35aIuAYjOLY6N33oYE+qyavigt6iOnCd68D8IXSg1PXPkNWu2lOg=="],

    "@boundaryml/baml-darwin-arm64": ["@boundaryml/baml-darwin-arm64@0.223.0", "", { "os": "darwin", "cpu": "arm64" }, "sha512-RW/joFVrddpxz5uzMEdp/lcRlcwhSj2jAf1RHvEHZNmEeMIG1kXPys5n0/81RcZAFWR6wrdwuOGWy4eq1Vg2fQ=="],

    "@boundaryml/baml-darwin-x64": ["@boundaryml/baml-darwin-x64@0.223.0", "", { "os": "darwin", "cpu": "x64" }, "sha512-+DjO+UyZQk+aLU/ZCKQ5+SEvXi5NbSaNQ85RbLvEK5bse2YhkhWEcx362RGP65PyWEhgn2YeIkLmc/CF0q9lqg=="],

    "@boundaryml/baml-linux-arm64-gnu": ["@boundaryml/baml-linux-arm64-gnu@0.223.0", "", { "os": "linux", "cpu": "arm64" }, "sha512-+jDrF2GUs91lGUkeODtxeXtC7wjL5NVDf6UfciymkaIw0DOTAva9ZldMWJC+SbShPJsGjNTcvQsRBF/EffcqBQ=="],

    "@boundaryml/baml-linux-arm64-musl": ["@boundaryml/baml-linux-arm64-musl@0.223.0", "", { "os": "linux", "cpu": "arm64" }, "sha512-7wzRnIds64CqlxOYCLyecJwq7dWQ0RNM7dSnthdTWRxohXqRrhoC9DxEQlm1BJyMSAJ08wMUwT1V/y4W6jK6sQ=="],

    "@boundaryml/baml-linux-x64-gnu": ["@boundaryml/baml-linux-x64-gnu@0.223.0", "", { "os": "linux", "cpu": "x64" }, "sha512-6AcFewpcPVHwHmGGNhBOVaA/qyACSTdEKcDjBfqLM2XLRQ4rsRjX5OQjGb+misl/UaUeorHu2aFVU0nrI4Ofgw=="],

    "@boundaryml/baml-linux-x64-musl": ["@boundaryml/baml-linux-x64-musl@0.223.0", "", { "os": "linux", "cpu": "x64" }, "sha512-dSt20Q29O8el5OOp/gYBYBd5cpoKzIC7S6pSc3KN0v+ObIAH9VEm9TTi5sb/R42ERO7LroyihjrLEIyuaG3p4g=="],

    "@boundaryml/baml-win32-arm64-msvc": ["@boundaryml/baml-win32-arm64-msvc@0.223.0", "", { "os": "win32", "cpu": "arm64" }, "sha512-sMN59zW9Ua8aYAo+7AtjyhKgHAXP7Z1NsSXc3TS8VMoDPxOP/LiBa9cWboWIgOCkfvPxMAZqy5K2ms87esVqeg=="],

    "@boundaryml/baml-win32-x64-msvc": ["@boundaryml/baml-win32-x64-msvc@0.223.0", "", { "os": "win32", "cpu": "x64" }, "sha512-DWgEt3hnPG3vR2dJyqi1Q94gLWy4W5v+LtPJsErx3Fu18BqIfAfX0mjf+Eajx3MPORC2x+GPs5gwqqL2MxGFtQ=="],

    "@scarf/scarf": ["@scarf/scarf@1.4.0", "", {}, "sha512-xxeapPiUXdZAE3che6f3xogoJPeZgig6omHEy1rIY5WVsB3H2BHNnZH+gHG6x91SCWyQCzWGsuL2Hh3ClO5/qQ=="],

    "@types/bun": ["@types/bun@1.3.14", "", { "dependencies": { "bun-types": "1.3.14" } }, "sha512-h1hFqFVcvAvD9j9K7ZW7vd82aSA+rTdznZa+5bwvCwqSB1jmmfLcbIWhOLx1/+boy/xmjgCs/OMUL8hRJSmnPw=="],

    "@types/node": ["@types/node@25.9.3", "", { "dependencies": { "undici-types": ">=7.24.0 <7.24.7" } }, "sha512-603BddQMv3pUcr4U2dhujk83N2tTDVr/34wII2B6bJy6g+8WD6yUb11jszNs0gdi4PesVWl7ABt8nYMVpnLUcg=="],

    "bun-types": ["bun-types@1.3.14", "", { "dependencies": { "@types/node": "*" } }, "sha512-4N0ig0fEomHt5R0KCFWjovxow98rIoRwKolrYdCcknNwMekCXRnWEUvgu5soYV8QXtVsrUD8B95MBOZGPvr6KQ=="],

    "envinfo": ["envinfo@7.21.0", "", { "bin": { "envinfo": "dist/cli.js" } }, "sha512-Lw7I8Zp5YKHFCXL7+Dz95g4CcbMEpgvqZNNq3AmlT5XAV6CgAAk6gyAMqn2zjw08K9BHfcNuKrMiCPLByGafow=="],

    "typescript": ["typescript@5.9.3", "", { "bin": { "tsc": "bin/tsc", "tsserver": "bin/tsserver" } }, "sha512-jl1vZzPDinLr9eUt3J/t7V6FgNEw9QjvBPdysz9KfQDD41fQrC2Y4vKQdiaUpFT4bXlb1RHhLpp8wtm6M5TgSw=="],

    "undici-types": ["undici-types@7.24.6", "", {}, "sha512-WRNW+sJgj5OBN4/0JpHFqtqzhpbnV0GuB+OozA9gCL7a993SmU+1JBZCzLNxYsbMfIeDL+lTsphD5jN5N+n0zg=="],
  }
}
